// !$*UTF8*$!
{
	archiveVersion = 1;
	classes = {
	};
	objectVersion = 46;
	objects = {

/* Begin PBXBuildFile section */
		1B4052751AC281BB0097C9EA /* drawing.swift in Sources */ = {isa = PBXBuildFile; fileRef = 1B4052741AC281BB0097C9EA /* drawing.swift */; };
		1B4EDB901ADE2E3B00DE265B /* Circle.swift in Sources */ = {isa = PBXBuildFile; fileRef = 1B4EDB8F1ADE2E3B00DE265B /* Circle.swift */; };
		1B4EDB921ADE3E9F00DE265B /* Rectangle.swift in Sources */ = {isa = PBXBuildFile; fileRef = 1B4EDB911ADE3E9F00DE265B /* Rectangle.swift */; };
		1B4EDB9B1ADE7F3B00DE265B /* Images.xcassets in Resources */ = {isa = PBXBuildFile; fileRef = 1B4EDB9A1ADE7F3B00DE265B /* Images.xcassets */; };
		1B5344641ADBC5C30009023D /* UIImage+Utils.m in Sources */ = {isa = PBXBuildFile; fileRef = 1B5344631ADBC5C30009023D /* UIImage+Utils.m */; };
		1B6BDE7E1A8DE30C00E3BD76 /* AppDelegate.swift in Sources */ = {isa = PBXBuildFile; fileRef = 1B6BDE7D1A8DE30C00E3BD76 /* AppDelegate.swift */; };
		1B6BDE801A8DE30C00E3BD76 /* ViewController.swift in Sources */ = {isa = PBXBuildFile; fileRef = 1B6BDE7F1A8DE30C00E3BD76 /* ViewController.swift */; };
		1B6BDE831A8DE30C00E3BD76 /* Main.storyboard in Resources */ = {isa = PBXBuildFile; fileRef = 1B6BDE811A8DE30C00E3BD76 /* Main.storyboard */; };
		1B6BDE881A8DE30C00E3BD76 /* LaunchScreen.xib in Resources */ = {isa = PBXBuildFile; fileRef = 1B6BDE861A8DE30C00E3BD76 /* LaunchScreen.xib */; };
		1B6BDE941A8DE30C00E3BD76 /* ImageAnnotationTests.swift in Sources */ = {isa = PBXBuildFile; fileRef = 1B6BDE931A8DE30C00E3BD76 /* ImageAnnotationTests.swift */; };
		1B6BDEAB1A8DFD6400E3BD76 /* Line.swift in Sources */ = {isa = PBXBuildFile; fileRef = 1B6BDEAA1A8DFD6400E3BD76 /* Line.swift */; };
		1B892ED91B05D42E00BB5AA6 /* TextField.swift in Sources */ = {isa = PBXBuildFile; fileRef = 1B892ED81B05D42E00BB5AA6 /* TextField.swift */; };
		1B892EDB1B06040700BB5AA6 /* ImageRotation.swift in Sources */ = {isa = PBXBuildFile; fileRef = 1B892EDA1B06040700BB5AA6 /* ImageRotation.swift */; };
/* End PBXBuildFile section */

/* Begin PBXContainerItemProxy section */
		1B6BDE8E1A8DE30C00E3BD76 /* PBXContainerItemProxy */ = {
			isa = PBXContainerItemProxy;
			containerPortal = 1B6BDE701A8DE30C00E3BD76 /* Project object */;
			proxyType = 1;
			remoteGlobalIDString = 1B6BDE771A8DE30C00E3BD76;
			remoteInfo = ImageAnnotation;
		};
/* End PBXContainerItemProxy section */

/* Begin PBXFileReference section */
		1B4052741AC281BB0097C9EA /* drawing.swift */ = {isa = PBXFileReference; fileEncoding = 4; lastKnownFileType = sourcecode.swift; name = drawing.swift; path = ../drawing.swift; sourceTree = "<group>"; };
		1B4EDB8F1ADE2E3B00DE265B /* Circle.swift */ = {isa = PBXFileReference; fileEncoding = 4; lastKnownFileType = sourcecode.swift; path = Circle.swift; sourceTree = "<group>"; };
		1B4EDB911ADE3E9F00DE265B /* Rectangle.swift */ = {isa = PBXFileReference; fileEncoding = 4; lastKnownFileType = sourcecode.swift; path = Rectangle.swift; sourceTree = "<group>"; };
		1B4EDB9A1ADE7F3B00DE265B /* Images.xcassets */ = {isa = PBXFileReference; lastKnownFileType = folder.assetcatalog; path = Images.xcassets; sourceTree = "<group>"; };
		1B5344621ADBC5C20009023D /* ImageAnnotation-Bridging-Header.h */ = {isa = PBXFileReference; lastKnownFileType = sourcecode.c.h; path = "ImageAnnotation-Bridging-Header.h"; sourceTree = "<group>"; };
		1B5344631ADBC5C30009023D /* UIImage+Utils.m */ = {isa = PBXFileReference; fileEncoding = 4; lastKnownFileType = sourcecode.c.objc; path = "UIImage+Utils.m"; sourceTree = "<group>"; };
		1B5344651ADBC5F60009023D /* UIImage+Utils.h */ = {isa = PBXFileReference; lastKnownFileType = sourcecode.c.h; path = "UIImage+Utils.h"; sourceTree = "<group>"; };
		1B5344671ADBC8FB0009023D /* MyPlayground.playground */ = {isa = PBXFileReference; lastKnownFileType = file.playground; path = MyPlayground.playground; sourceTree = "<group>"; };
		1B6BDE781A8DE30C00E3BD76 /* ImageAnnotation.app */ = {isa = PBXFileReference; explicitFileType = wrapper.application; includeInIndex = 0; path = ImageAnnotation.app; sourceTree = BUILT_PRODUCTS_DIR; };
		1B6BDE7C1A8DE30C00E3BD76 /* Info.plist */ = {isa = PBXFileReference; lastKnownFileType = text.plist.xml; path = Info.plist; sourceTree = "<group>"; };
		1B6BDE7D1A8DE30C00E3BD76 /* AppDelegate.swift */ = {isa = PBXFileReference; lastKnownFileType = sourcecode.swift; path = AppDelegate.swift; sourceTree = "<group>"; };
		1B6BDE7F1A8DE30C00E3BD76 /* ViewController.swift */ = {isa = PBXFileReference; lastKnownFileType = sourcecode.swift; path = ViewController.swift; sourceTree = "<group>"; };
		1B6BDE821A8DE30C00E3BD76 /* Base */ = {isa = PBXFileReference; lastKnownFileType = file.storyboard; name = Base; path = Base.lproj/Main.storyboard; sourceTree = "<group>"; };
		1B6BDE871A8DE30C00E3BD76 /* Base */ = {isa = PBXFileReference; lastKnownFileType = file.xib; name = Base; path = Base.lproj/LaunchScreen.xib; sourceTree = "<group>"; };
		1B6BDE8D1A8DE30C00E3BD76 /* ImageAnnotationTests.xctest */ = {isa = PBXFileReference; explicitFileType = wrapper.cfbundle; includeInIndex = 0; path = ImageAnnotationTests.xctest; sourceTree = BUILT_PRODUCTS_DIR; };
		1B6BDE921A8DE30C00E3BD76 /* Info.plist */ = {isa = PBXFileReference; lastKnownFileType = text.plist.xml; path = Info.plist; sourceTree = "<group>"; };
		1B6BDE931A8DE30C00E3BD76 /* ImageAnnotationTests.swift */ = {isa = PBXFileReference; lastKnownFileType = sourcecode.swift; path = ImageAnnotationTests.swift; sourceTree = "<group>"; };
		1B6BDEAA1A8DFD6400E3BD76 /* Line.swift */ = {isa = PBXFileReference; fileEncoding = 4; lastKnownFileType = sourcecode.swift; name = Line.swift; path = ../Line.swift; sourceTree = "<group>"; };
		1B892ED81B05D42E00BB5AA6 /* TextField.swift */ = {isa = PBXFileReference; fileEncoding = 4; lastKnownFileType = sourcecode.swift; name = TextField.swift; path = ../TextField.swift; sourceTree = "<group>"; };
		1B892EDA1B06040700BB5AA6 /* ImageRotation.swift */ = {isa = PBXFileReference; fileEncoding = 4; lastKnownFileType = sourcecode.swift; path = ImageRotation.swift; sourceTree = "<group>"; };
/* End PBXFileReference section */

/* Begin PBXFrameworksBuildPhase section */
		1B6BDE751A8DE30C00E3BD76 /* Frameworks */ = {
			isa = PBXFrameworksBuildPhase;
			buildActionMask = 2147483647;
			files = (
			);
			runOnlyForDeploymentPostprocessing = 0;
		};
		1B6BDE8A1A8DE30C00E3BD76 /* Frameworks */ = {
			isa = PBXFrameworksBuildPhase;
			buildActionMask = 2147483647;
			files = (
			);
			runOnlyForDeploymentPostprocessing = 0;
		};
/* End PBXFrameworksBuildPhase section */

/* Begin PBXGroup section */
		1B6BDE6F1A8DE30C00E3BD76 = {
			isa = PBXGroup;
			children = (
				1B6BDE7A1A8DE30C00E3BD76 /* ImageAnnotation */,
				1B6BDE901A8DE30C00E3BD76 /* ImageAnnotationTests */,
				1B6BDE791A8DE30C00E3BD76 /* Products */,
			);
			sourceTree = "<group>";
		};
		1B6BDE791A8DE30C00E3BD76 /* Products */ = {
			isa = PBXGroup;
			children = (
				1B6BDE781A8DE30C00E3BD76 /* ImageAnnotation.app */,
				1B6BDE8D1A8DE30C00E3BD76 /* ImageAnnotationTests.xctest */,
			);
			name = Products;
			sourceTree = "<group>";
		};
		1B6BDE7A1A8DE30C00E3BD76 /* ImageAnnotation */ = {
			isa = PBXGroup;
			children = (
				1B6BDE7D1A8DE30C00E3BD76 /* AppDelegate.swift */,
				1B6BDEAA1A8DFD6400E3BD76 /* Line.swift */,
				1B4EDB8F1ADE2E3B00DE265B /* Circle.swift */,
				1B4EDB911ADE3E9F00DE265B /* Rectangle.swift */,
				1B892ED81B05D42E00BB5AA6 /* TextField.swift */,
				1B6BDE7F1A8DE30C00E3BD76 /* ViewController.swift */,
				1B4052741AC281BB0097C9EA /* drawing.swift */,
				1B892EDA1B06040700BB5AA6 /* ImageRotation.swift */,
				1B4EDB9A1ADE7F3B00DE265B /* Images.xcassets */,
				1B6BDE811A8DE30C00E3BD76 /* Main.storyboard */,
				1B6BDE861A8DE30C00E3BD76 /* LaunchScreen.xib */,
				1B6BDE7B1A8DE30C00E3BD76 /* Supporting Files */,
				1B5344631ADBC5C30009023D /* UIImage+Utils.m */,
				1B5344651ADBC5F60009023D /* UIImage+Utils.h */,
				1B5344621ADBC5C20009023D /* ImageAnnotation-Bridging-Header.h */,
				1B5344671ADBC8FB0009023D /* MyPlayground.playground */,
			);
			path = ImageAnnotation;
			sourceTree = "<group>";
		};
		1B6BDE7B1A8DE30C00E3BD76 /* Supporting Files */ = {
			isa = PBXGroup;
			children = (
				1B6BDE7C1A8DE30C00E3BD76 /* Info.plist */,
			);
			name = "Supporting Files";
			sourceTree = "<group>";
		};
		1B6BDE901A8DE30C00E3BD76 /* ImageAnnotationTests */ = {
			isa = PBXGroup;
			children = (
				1B6BDE931A8DE30C00E3BD76 /* ImageAnnotationTests.swift */,
				1B6BDE911A8DE30C00E3BD76 /* Supporting Files */,
			);
			path = ImageAnnotationTests;
			sourceTree = "<group>";
		};
		1B6BDE911A8DE30C00E3BD76 /* Supporting Files */ = {
			isa = PBXGroup;
			children = (
				1B6BDE921A8DE30C00E3BD76 /* Info.plist */,
			);
			name = "Supporting Files";
			sourceTree = "<group>";
		};
/* End PBXGroup section */

/* Begin PBXNativeTarget section */
		1B6BDE771A8DE30C00E3BD76 /* ImageAnnotation */ = {
			isa = PBXNativeTarget;
			buildConfigurationList = 1B6BDE971A8DE30C00E3BD76 /* Build configuration list for PBXNativeTarget "ImageAnnotation" */;
			buildPhases = (
				1B6BDE741A8DE30C00E3BD76 /* Sources */,
				1B6BDE751A8DE30C00E3BD76 /* Frameworks */,
				1B6BDE761A8DE30C00E3BD76 /* Resources */,
			);
			buildRules = (
			);
			dependencies = (
			);
			name = ImageAnnotation;
			productName = ImageAnnotation;
			productReference = 1B6BDE781A8DE30C00E3BD76 /* ImageAnnotation.app */;
			productType = "com.apple.product-type.application";
		};
		1B6BDE8C1A8DE30C00E3BD76 /* ImageAnnotationTests */ = {
			isa = PBXNativeTarget;
			buildConfigurationList = 1B6BDE9A1A8DE30C00E3BD76 /* Build configuration list for PBXNativeTarget "ImageAnnotationTests" */;
			buildPhases = (
				1B6BDE891A8DE30C00E3BD76 /* Sources */,
				1B6BDE8A1A8DE30C00E3BD76 /* Frameworks */,
				1B6BDE8B1A8DE30C00E3BD76 /* Resources */,
			);
			buildRules = (
			);
			dependencies = (
				1B6BDE8F1A8DE30C00E3BD76 /* PBXTargetDependency */,
			);
			name = ImageAnnotationTests;
			productName = ImageAnnotationTests;
			productReference = 1B6BDE8D1A8DE30C00E3BD76 /* ImageAnnotationTests.xctest */;
			productType = "com.apple.product-type.bundle.unit-test";
		};
/* End PBXNativeTarget section */

/* Begin PBXProject section */
		1B6BDE701A8DE30C00E3BD76 /* Project object */ = {
			isa = PBXProject;
			attributes = {
				LastUpgradeCheck = 0600;
				ORGANIZATIONNAME = Sagar;
				TargetAttributes = {
					1B6BDE771A8DE30C00E3BD76 = {
						CreatedOnToolsVersion = 6.0.1;
					};
					1B6BDE8C1A8DE30C00E3BD76 = {
						CreatedOnToolsVersion = 6.0.1;
						TestTargetID = 1B6BDE771A8DE30C00E3BD76;
					};
				};
			};
			buildConfigurationList = 1B6BDE731A8DE30C00E3BD76 /* Build configuration list for PBXProject "ImageAnnotation" */;
			compatibilityVersion = "Xcode 3.2";
			developmentRegion = English;
			hasScannedForEncodings = 0;
			knownRegions = (
				en,
				Base,
			);
			mainGroup = 1B6BDE6F1A8DE30C00E3BD76;
			productRefGroup = 1B6BDE791A8DE30C00E3BD76 /* Products */;
			projectDirPath = "";
			projectRoot = "";
			targets = (
				1B6BDE771A8DE30C00E3BD76 /* ImageAnnotation */,
				1B6BDE8C1A8DE30C00E3BD76 /* ImageAnnotationTests */,
			);
		};
/* End PBXProject section */

/* Begin PBXResourcesBuildPhase section */
		1B6BDE761A8DE30C00E3BD76 /* Resources */ = {
			isa = PBXResourcesBuildPhase;
			buildActionMask = 2147483647;
			files = (
				1B6BDE831A8DE30C00E3BD76 /* Main.storyboard in Resources */,
				1B6BDE881A8DE30C00E3BD76 /* LaunchScreen.xib in Resources */,
				1B4EDB9B1ADE7F3B00DE265B /* Images.xcassets in Resources */,
			);
			runOnlyForDeploymentPostprocessing = 0;
		};
		1B6BDE8B1A8DE30C00E3BD76 /* Resources */ = {
			isa = PBXResourcesBuildPhase;
			buildActionMask = 2147483647;
			files = (
			);
			runOnlyForDeploymentPostprocessing = 0;
		};
/* End PBXResourcesBuildPhase section */

/* Begin PBXSourcesBuildPhase section */
		1B6BDE741A8DE30C00E3BD76 /* Sources */ = {
			isa = PBXSourcesBuildPhase;
			buildActionMask = 2147483647;
			files = (
				1B4052751AC281BB0097C9EA /* drawing.swift in Sources */,
				1B6BDEAB1A8DFD6400E3BD76 /* Line.swift in Sources */,
				1B6BDE801A8DE30C00E3BD76 /* ViewController.swift in Sources */,
				1B892ED91B05D42E00BB5AA6 /* TextField.swift in Sources */,
				1B6BDE7E1A8DE30C00E3BD76 /* AppDelegate.swift in Sources */,
				1B5344641ADBC5C30009023D /* UIImage+Utils.m in Sources */,
				1B4EDB901ADE2E3B00DE265B /* Circle.swift in Sources */,
				1B892EDB1B06040700BB5AA6 /* ImageRotation.swift in Sources */,
				1B4EDB921ADE3E9F00DE265B /* Rectangle.swift in Sources */,
			);
			runOnlyForDeploymentPostprocessing = 0;
		};
		1B6BDE891A8DE30C00E3BD76 /* Sources */ = {
			isa = PBXSourcesBuildPhase;
			buildActionMask = 2147483647;
			files = (
				1B6BDE941A8DE30C00E3BD76 /* ImageAnnotationTests.swift in Sources */,
			);
			runOnlyForDeploymentPostprocessing = 0;
		};
/* End PBXSourcesBuildPhase section */

/* Begin PBXTargetDependency section */
		1B6BDE8F1A8DE30C00E3BD76 /* PBXTargetDependency */ = {
			isa = PBXTargetDependency;
			target = 1B6BDE771A8DE30C00E3BD76 /* ImageAnnotation */;
			targetProxy = 1B6BDE8E1A8DE30C00E3BD76 /* PBXContainerItemProxy */;
		};
/* End PBXTargetDependency section */

/* Begin PBXVariantGroup section */
		1B6BDE811A8DE30C00E3BD76 /* Main.storyboard */ = {
			isa = PBXVariantGroup;
			children = (
				1B6BDE821A8DE30C00E3BD76 /* Base */,
			);
			name = Main.storyboard;
			sourceTree = "<group>";
		};
		1B6BDE861A8DE30C00E3BD76 /* LaunchScreen.xib */ = {
			isa = PBXVariantGroup;
			children = (
				1B6BDE871A8DE30C00E3BD76 /* Base */,
			);
			name = LaunchScreen.xib;
			sourceTree = "<group>";
		};
/* End PBXVariantGroup section */

/* Begin XCBuildConfiguration section */
		1B6BDE951A8DE30C00E3BD76 /* Debug */ = {
			isa = XCBuildConfiguration;
			buildSettings = {
				ALWAYS_SEARCH_USER_PATHS = NO;
				CLANG_CXX_LANGUAGE_STANDARD = "gnu++0x";
				CLANG_CXX_LIBRARY = "libc++";
				CLANG_ENABLE_MODULES = YES;
				CLANG_ENABLE_OBJC_ARC = YES;
				CLANG_WARN_BOOL_CONVERSION = YES;
				CLANG_WARN_CONSTANT_CONVERSION = YES;
				CLANG_WARN_DIRECT_OBJC_ISA_USAGE = YES_ERROR;
				CLANG_WARN_EMPTY_BODY = YES;
				CLANG_WARN_ENUM_CONVERSION = YES;
				CLANG_WARN_INT_CONVERSION = YES;
				CLANG_WARN_OBJC_ROOT_CLASS = YES_ERROR;
				CLANG_WARN_UNREACHABLE_CODE = YES;
				CLANG_WARN__DUPLICATE_METHOD_MATCH = YES;
				CODE_SIGN_IDENTITY = "iPhone Developer: Krunal Dave (4SF8793X62)";
				"CODE_SIGN_IDENTITY[sdk=iphoneos*]" = "iPhone Developer: Krunal Dave (4SF8793X62)";
				COPY_PHASE_STRIP = NO;
				ENABLE_STRICT_OBJC_MSGSEND = YES;
				GCC_C_LANGUAGE_STANDARD = gnu99;
				GCC_DYNAMIC_NO_PIC = NO;
				GCC_OPTIMIZATION_LEVEL = 0;
				GCC_PREPROCESSOR_DEFINITIONS = (
					"DEBUG=1",
					"$(inherited)",
				);
				GCC_SYMBOLS_PRIVATE_EXTERN = NO;
				GCC_WARN_64_TO_32_BIT_CONVERSION = YES;
				GCC_WARN_ABOUT_RETURN_TYPE = YES_ERROR;
				GCC_WARN_UNDECLARED_SELECTOR = YES;
				GCC_WARN_UNINITIALIZED_AUTOS = YES_AGGRESSIVE;
				GCC_WARN_UNUSED_FUNCTION = YES;
				GCC_WARN_UNUSED_VARIABLE = YES;
				IPHONEOS_DEPLOYMENT_TARGET = 8.0;
				MTL_ENABLE_DEBUG_INFO = YES;
				ONLY_ACTIVE_ARCH = YES;
				PROVISIONING_PROFILE = "86d35ea7-2c92-4876-87af-9f95cf281d65";
				SDKROOT = iphoneos;
				SWIFT_OPTIMIZATION_LEVEL = "-Onone";
			};
			name = Debug;
		};
		1B6BDE961A8DE30C00E3BD76 /* Release */ = {
			isa = XCBuildConfiguration;
			buildSettings = {
				ALWAYS_SEARCH_USER_PATHS = NO;
				CLANG_CXX_LANGUAGE_STANDARD = "gnu++0x";
				CLANG_CXX_LIBRARY = "libc++";
				CLANG_ENABLE_MODULES = YES;
				CLANG_ENABLE_OBJC_ARC = YES;
				CLANG_WARN_BOOL_CONVERSION = YES;
				CLANG_WARN_CONSTANT_CONVERSION = YES;
				CLANG_WARN_DIRECT_OBJC_ISA_USAGE = YES_ERROR;
				CLANG_WARN_EMPTY_BODY = YES;
				CLANG_WARN_ENUM_CONVERSION = YES;
				CLANG_WARN_INT_CONVERSION = YES;
				CLANG_WARN_OBJC_ROOT_CLASS = YES_ERROR;
				CLANG_WARN_UNREACHABLE_CODE = YES;
				CLANG_WARN__DUPLICATE_METHOD_MATCH = YES;
				CODE_SIGN_IDENTITY = "iPhone Distribution: Krunal Dave (4MC4NTNJ4V)";
				"CODE_SIGN_IDENTITY[sdk=iphoneos*]" = "iPhone Distribution: Krunal Dave (4MC4NTNJ4V)";
				COPY_PHASE_STRIP = YES;
				ENABLE_NS_ASSERTIONS = NO;
				ENABLE_STRICT_OBJC_MSGSEND = YES;
				GCC_C_LANGUAGE_STANDARD = gnu99;
				GCC_WARN_64_TO_32_BIT_CONVERSION = YES;
				GCC_WARN_ABOUT_RETURN_TYPE = YES_ERROR;
				GCC_WARN_UNDECLARED_SELECTOR = YES;
				GCC_WARN_UNINITIALIZED_AUTOS = YES_AGGRESSIVE;
				GCC_WARN_UNUSED_FUNCTION = YES;
				GCC_WARN_UNUSED_VARIABLE = YES;
				IPHONEOS_DEPLOYMENT_TARGET = 8.0;
				MTL_ENABLE_DEBUG_INFO = NO;
				PROVISIONING_PROFILE = "86d35ea7-2c92-4876-87af-9f95cf281d65";
				SDKROOT = iphoneos;
				VALIDATE_PRODUCT = YES;
			};
			name = Release;
		};
		1B6BDE981A8DE30C00E3BD76 /* Debug */ = {
			isa = XCBuildConfiguration;
			buildSettings = {
				ASSETCATALOG_COMPILER_APPICON_NAME = AppIcon;
				ASSETCATALOG_COMPILER_LAUNCHIMAGE_NAME = LaunchImage;
				CLANG_ENABLE_MODULES = YES;
				CODE_SIGN_IDENTITY = "iPhone Developer";
				"CODE_SIGN_IDENTITY[sdk=iphoneos*]" = "iPhone Developer: Krunal Dave (4SF8793X62)";
				INFOPLIST_FILE = ImageAnnotation/Info.plist;
				IPHONEOS_DEPLOYMENT_TARGET = 7.0;
				LD_RUNPATH_SEARCH_PATHS = "$(inherited) @executable_path/Frameworks";
				PRODUCT_NAME = "$(TARGET_NAME)";
				PROVISIONING_PROFILE = "86d35ea7-2c92-4876-87af-9f95cf281d65";
				SWIFT_OBJC_BRIDGING_HEADER = "ImageAnnotation/ImageAnnotation-Bridging-Header.h";
				SWIFT_OPTIMIZATION_LEVEL = "-Onone";
				TARGETED_DEVICE_FAMILY = "1,2";
			};
			name = Debug;
		};
		1B6BDE991A8DE30C00E3BD76 /* Release */ = {
			isa = XCBuildConfiguration;
			buildSettings = {
				ASSETCATALOG_COMPILER_APPICON_NAME = AppIcon;
				ASSETCATALOG_COMPILER_LAUNCHIMAGE_NAME = LaunchImage;
				CLANG_ENABLE_MODULES = YES;
				CODE_SIGN_IDENTITY = "iPhone Distribution: Krunal Dave (4MC4NTNJ4V)";
				"CODE_SIGN_IDENTITY[sdk=iphoneos*]" = "iPhone Distribution: Krunal Dave (4MC4NTNJ4V)";
				INFOPLIST_FILE = ImageAnnotation/Info.plist;
				IPHONEOS_DEPLOYMENT_TARGET = 7.0;
				LD_RUNPATH_SEARCH_PATHS = "$(inherited) @executable_path/Frameworks";
				PRODUCT_NAME = "$(TARGET_NAME)";
				PROVISIONING_PROFILE = "86d35ea7-2c92-4876-87af-9f95cf281d65";
				SWIFT_OBJC_BRIDGING_HEADER = "ImageAnnotation/ImageAnnotation-Bridging-Header.h";
				TARGETED_DEVICE_FAMILY = "1,2";
			};
			name = Release;
		};
		1B6BDE9B1A8DE30C00E3BD76 /* Debug */ = {
			isa = XCBuildConfiguration;
			buildSettings = {
				BUNDLE_LOADER = "$(TEST_HOST)";
				FRAMEWORK_SEARCH_PATHS = (
					"$(SDKROOT)/Developer/Library/Frameworks",
					"$(inherited)",
				);
				GCC_PREPROCESSOR_DEFINITIONS = (
					"DEBUG=1",
					"$(inherited)",
				);
				INFOPLIST_FILE = ImageAnnotationTests/Info.plist;
				LD_RUNPATH_SEARCH_PATHS = "$(inherited) @executable_path/Frameworks @loader_path/Frameworks";
				PRODUCT_NAME = "$(TARGET_NAME)";
				TEST_HOST = "$(BUILT_PRODUCTS_DIR)/ImageAnnotation.app/ImageAnnotation";
			};
			name = Debug;
		};
		1B6BDE9C1A8DE30C00E3BD76 /* Release */ = {
			isa = XCBuildConfiguration;
			buildSettings = {
				BUNDLE_LOADER = "$(TEST_HOST)";
				FRAMEWORK_SEARCH_PATHS = (
					"$(SDKROOT)/Developer/Library/Frameworks",
					"$(inherited)",
				);
				INFOPLIST_FILE = ImageAnnotationTests/Info.plist;
				LD_RUNPATH_SEARCH_PATHS = "$(inherited) @executable_path/Frameworks @loader_path/Frameworks";
				PRODUCT_NAME = "$(TARGET_NAME)";
				TEST_HOST = "$(BUILT_PRODUCTS_DIR)/ImageAnnotation.app/ImageAnnotation";
			};
			name = Release;
		};
/* End XCBuildConfiguration section */

/* Begin XCConfigurationList section */
		1B6BDE731A8DE30C00E3BD76 /* Build configuration list for PBXProject "ImageAnnotation" */ = {
			isa = XCConfigurationList;
			buildConfigurations = (
				1B6BDE951A8DE30C00E3BD76 /* Debug */,
				1B6BDE961A8DE30C00E3BD76 /* Release */,
			);
			defaultConfigurationIsVisible = 0;
			defaultConfigurationName = Release;
		};
		1B6BDE971A8DE30C00E3BD76 /* Build configuration list for PBXNativeTarget "ImageAnnotation" */ = {
			isa = XCConfigurationList;
			buildConfigurations = (
				1B6BDE981A8DE30C00E3BD76 /* Debug */,
				1B6BDE991A8DE30C00E3BD76 /* Release */,
			);
			defaultConfigurationIsVisible = 0;
			defaultConfigurationName = Release;
		};
		1B6BDE9A1A8DE30C00E3BD76 /* Build configuration list for PBXNativeTarget "ImageAnnotationTests" */ = {
			isa = XCConfigurationList;
			buildConfigurations = (
				1B6BDE9B1A8DE30C00E3BD76 /* Debug */,
				1B6BDE9C1A8DE30C00E3BD76 /* Release */,
			);
			defaultConfigurationIsVisible = 0;
			defaultConfigurationName = Release;
		};
/* End XCConfigurationList section */
	};
	rootObject = 1B6BDE701A8DE30C00E3BD76 /* Project object */;
}
